
Microsoft Visual Studio Solution File, Format Version 12.00
# Visual Studio Version 17
VisualStudioVersion = 17.5.002.0
MinimumVisualStudioVersion = 10.0.40219.1
Project("{9A19103F-16F7-4668-BE54-9A1E7A4F7556}") = "Game", "Game.csproj", "{2F6B8660-0AE1-48BC-BD25-818DBB140F0E}"
EndProject
Global
	GlobalSection(SolutionConfigurationPlatforms) = preSolution
		Debug|Any CPU = Debug|Any CPU
		Release|Any CPU = Release|Any CPU
	EndGlobalSection
	GlobalSection(ProjectConfigurationPlatforms) = postSolution
		{2F6B8660-0AE1-48BC-BD25-818DBB140F0E}.Debug|Any CPU.ActiveCfg = Debug|Any CPU
		{2F6B8660-0AE1-48BC-BD25-818DBB140F0E}.Debug|Any CPU.Build.0 = Debug|Any CPU
		{2F6B8660-0AE1-48BC-BD25-818DBB140F0E}.Release|Any CPU.ActiveCfg = Release|Any CPU
		{2F6B8660-0AE1-48BC-BD25-818DBB140F0E}.Release|Any CPU.Build.0 = Release|Any CPU
	EndGlobalSection
	GlobalSection(SolutionProperties) = preSolution
		HideSolutionNode = FALSE
	EndGlobalSection
	GlobalSection(ExtensibilityGlobals) = postSolution
		SolutionGuid = {8D1CF2E1-2912-4F5E-900F-B0F64E989649}
	EndGlobalSection
EndGlobal
