
Microsoft Visual Studio Solution File, Format Version 12.00
# Visual Studio Version 17
VisualStudioVersion = 17.0.31903.59
MinimumVisualStudioVersion = 10.0.40219.1
Project("{FAE04EC0-301F-11D3-BF4B-00C04F79EFBC}") = "Computer", "Day2\Computer.csproj", "{4E7A3CC7-46FA-4E73-9C3B-1DCB647AE1C9}"
EndProject
Project("{FAE04EC0-301F-11D3-BF4B-00C04F79EFBC}") = "SetupPC", "SetupPC\SetupPC.csproj", "{90F88B3D-5037-48C7-9EF6-8C1A4842A54D}"
EndProject
Project("{FAE04EC0-301F-11D3-BF4B-00C04F79EFBC}") = "Game", "Game\Game.csproj", "{51C123AD-C7FB-4A32-9AB5-3F1075DE03F4}"
EndProject
Project("{FAE04EC0-301F-11D3-BF4B-00C04F79EFBC}") = "Overriding", "Overriding\Overriding.csproj", "{7C084F56-440F-4259-88D3-4F656D27A695}"
EndProject
Project("{FAE04EC0-301F-11D3-BF4B-00C04F79EFBC}") = "Interface", "Interface\Interface.csproj", "{2D72B39C-B299-43AF-AF5D-17D8D8B605DC}"
EndProject
Project("{FAE04EC0-301F-11D3-BF4B-00C04F79EFBC}") = "InterfaceProject", "InterfaceProject\InterfaceProject.csproj", "{0028DECE-3CF1-433B-B867-756FF9A054B0}"
EndProject
Project("{FAE04EC0-301F-11D3-BF4B-00C04F79EFBC}") = "StaticProject", "StaticProject\StaticProject.csproj", "{3B4B962E-93E8-4B4D-AAAD-EC484A0E4F5D}"
EndProject
Global
	GlobalSection(SolutionConfigurationPlatforms) = preSolution
		Debug|Any CPU = Debug|Any CPU
		Release|Any CPU = Release|Any CPU
	EndGlobalSection
	GlobalSection(SolutionProperties) = preSolution
		HideSolutionNode = FALSE
	EndGlobalSection
	GlobalSection(ProjectConfigurationPlatforms) = postSolution
		{4E7A3CC7-46FA-4E73-9C3B-1DCB647AE1C9}.Debug|Any CPU.ActiveCfg = Debug|Any CPU
		{4E7A3CC7-46FA-4E73-9C3B-1DCB647AE1C9}.Debug|Any CPU.Build.0 = Debug|Any CPU
		{4E7A3CC7-46FA-4E73-9C3B-1DCB647AE1C9}.Release|Any CPU.ActiveCfg = Release|Any CPU
		{4E7A3CC7-46FA-4E73-9C3B-1DCB647AE1C9}.Release|Any CPU.Build.0 = Release|Any CPU
		{90F88B3D-5037-48C7-9EF6-8C1A4842A54D}.Debug|Any CPU.ActiveCfg = Debug|Any CPU
		{90F88B3D-5037-48C7-9EF6-8C1A4842A54D}.Debug|Any CPU.Build.0 = Debug|Any CPU
		{90F88B3D-5037-48C7-9EF6-8C1A4842A54D}.Release|Any CPU.ActiveCfg = Release|Any CPU
		{90F88B3D-5037-48C7-9EF6-8C1A4842A54D}.Release|Any CPU.Build.0 = Release|Any CPU
		{51C123AD-C7FB-4A32-9AB5-3F1075DE03F4}.Debug|Any CPU.ActiveCfg = Debug|Any CPU
		{51C123AD-C7FB-4A32-9AB5-3F1075DE03F4}.Debug|Any CPU.Build.0 = Debug|Any CPU
		{51C123AD-C7FB-4A32-9AB5-3F1075DE03F4}.Release|Any CPU.ActiveCfg = Release|Any CPU
		{51C123AD-C7FB-4A32-9AB5-3F1075DE03F4}.Release|Any CPU.Build.0 = Release|Any CPU
		{7C084F56-440F-4259-88D3-4F656D27A695}.Debug|Any CPU.ActiveCfg = Debug|Any CPU
		{7C084F56-440F-4259-88D3-4F656D27A695}.Debug|Any CPU.Build.0 = Debug|Any CPU
		{7C084F56-440F-4259-88D3-4F656D27A695}.Release|Any CPU.ActiveCfg = Release|Any CPU
		{7C084F56-440F-4259-88D3-4F656D27A695}.Release|Any CPU.Build.0 = Release|Any CPU
		{2D72B39C-B299-43AF-AF5D-17D8D8B605DC}.Debug|Any CPU.ActiveCfg = Debug|Any CPU
		{2D72B39C-B299-43AF-AF5D-17D8D8B605DC}.Debug|Any CPU.Build.0 = Debug|Any CPU
		{2D72B39C-B299-43AF-AF5D-17D8D8B605DC}.Release|Any CPU.ActiveCfg = Release|Any CPU
		{2D72B39C-B299-43AF-AF5D-17D8D8B605DC}.Release|Any CPU.Build.0 = Release|Any CPU
		{0028DECE-3CF1-433B-B867-756FF9A054B0}.Debug|Any CPU.ActiveCfg = Debug|Any CPU
		{0028DECE-3CF1-433B-B867-756FF9A054B0}.Debug|Any CPU.Build.0 = Debug|Any CPU
		{0028DECE-3CF1-433B-B867-756FF9A054B0}.Release|Any CPU.ActiveCfg = Release|Any CPU
		{0028DECE-3CF1-433B-B867-756FF9A054B0}.Release|Any CPU.Build.0 = Release|Any CPU
		{3B4B962E-93E8-4B4D-AAAD-EC484A0E4F5D}.Debug|Any CPU.ActiveCfg = Debug|Any CPU
		{3B4B962E-93E8-4B4D-AAAD-EC484A0E4F5D}.Debug|Any CPU.Build.0 = Debug|Any CPU
		{3B4B962E-93E8-4B4D-AAAD-EC484A0E4F5D}.Release|Any CPU.ActiveCfg = Release|Any CPU
		{3B4B962E-93E8-4B4D-AAAD-EC484A0E4F5D}.Release|Any CPU.Build.0 = Release|Any CPU
	EndGlobalSection
EndGlobal
